[root]
name = "mn"
version = "0.1.0"
dependencies = [
 "mnemosyne-parser 0.1.0",
]

[[package]]
name = "combine"
version = "1.0.0-beta.3"
source = "registry+https://github.com/rust-lang/crates.io-index"

[[package]]
name = "mnemosyne"
version = "0.1.0"
dependencies = [
 "combine 1.0.0-beta.3 (registry+https://github.com/rust-lang/crates.io-index)",
]

[[package]]
name = "mnemosyne-parser"
version = "0.1.0"
dependencies = [
 "mnemosyne 0.1.0",
]

